
Microsoft Visual Studio Solution File, Format Version 12.00
# Visual Studio Version 17
VisualStudioVersion = 17.6.33829.357
MinimumVisualStudioVersion = 10.0.40219.1
Project("{FAE04EC0-301F-11D3-BF4B-00C04F79EFBC}") = "Chess-Game", "Chess-Game.csproj", "{E4CD3588-5234-4CBD-AAC1-78B0B2F4E3A9}"
EndProject
Global
	GlobalSection(SolutionConfigurationPlatforms) = preSolution
		Debug|Any CPU = Debug|Any CPU
		Release|Any CPU = Release|Any CPU
	EndGlobalSection
	GlobalSection(ProjectConfigurationPlatforms) = postSolution
		{E4CD3588-5234-4CBD-AAC1-78B0B2F4E3A9}.Debug|Any CPU.ActiveCfg = Debug|Any CPU
		{E4CD3588-5234-4CBD-AAC1-78B0B2F4E3A9}.Debug|Any CPU.Build.0 = Debug|Any CPU
		{E4CD3588-5234-4CBD-AAC1-78B0B2F4E3A9}.Release|Any CPU.ActiveCfg = Release|Any CPU
		{E4CD3588-5234-4CBD-AAC1-78B0B2F4E3A9}.Release|Any CPU.Build.0 = Release|Any CPU
	EndGlobalSection
	GlobalSection(SolutionProperties) = preSolution
		HideSolutionNode = FALSE
	EndGlobalSection
	GlobalSection(ExtensibilityGlobals) = postSolution
		SolutionGuid = {C77336A1-5439-4CDE-A2B4-B98EC4262737}
	EndGlobalSection
EndGlobal
